
Microsoft Visual Studio Solution File, Format Version 12.00
# Visual Studio Version 17
VisualStudioVersion = 17.10.35013.160
MinimumVisualStudioVersion = 10.0.40219.1
Project("{FAE04EC0-301F-11D3-BF4B-00C04F79EFBC}") = "WeatherApp", "WeatherApp.csproj", "{78ED21D1-F444-4076-8FF6-AC6DC30DB95E}"
EndProject
Global
	GlobalSection(SolutionConfigurationPlatforms) = preSolution
		Debug|Any CPU = Debug|Any CPU
		Release|Any CPU = Release|Any CPU
	EndGlobalSection
	GlobalSection(ProjectConfigurationPlatforms) = postSolution
		{78ED21D1-F444-4076-8FF6-AC6DC30DB95E}.Debug|Any CPU.ActiveCfg = Debug|Any CPU
		{78ED21D1-F444-4076-8FF6-AC6DC30DB95E}.Debug|Any CPU.Build.0 = Debug|Any CPU
		{78ED21D1-F444-4076-8FF6-AC6DC30DB95E}.Release|Any CPU.ActiveCfg = Release|Any CPU
		{78ED21D1-F444-4076-8FF6-AC6DC30DB95E}.Release|Any CPU.Build.0 = Release|Any CPU
	EndGlobalSection
	GlobalSection(SolutionProperties) = preSolution
		HideSolutionNode = FALSE
	EndGlobalSection
	GlobalSection(ExtensibilityGlobals) = postSolution
		SolutionGuid = {DA393F28-F933-4600-9FE5-BBDEACCB6C59}
	EndGlobalSection
EndGlobal
